
Microsoft Visual Studio Solution File, Format Version 12.00
# Visual Studio Version 17
VisualStudioVersion = 17.5.002.0
MinimumVisualStudioVersion = 10.0.40219.1
Project("{9A19103F-16F7-4668-BE54-9A1E7A4F7556}") = "fifth-project-dotnet", "fifth-project-dotnet.csproj", "{11DABA4B-F2FB-4430-8B90-4B3702B08F63}"
EndProject
Global
	GlobalSection(SolutionConfigurationPlatforms) = preSolution
		Debug|Any CPU = Debug|Any CPU
		Release|Any CPU = Release|Any CPU
	EndGlobalSection
	GlobalSection(ProjectConfigurationPlatforms) = postSolution
		{11DABA4B-F2FB-4430-8B90-4B3702B08F63}.Debug|Any CPU.ActiveCfg = Debug|Any CPU
		{11DABA4B-F2FB-4430-8B90-4B3702B08F63}.Debug|Any CPU.Build.0 = Debug|Any CPU
		{11DABA4B-F2FB-4430-8B90-4B3702B08F63}.Release|Any CPU.ActiveCfg = Release|Any CPU
		{11DABA4B-F2FB-4430-8B90-4B3702B08F63}.Release|Any CPU.Build.0 = Release|Any CPU
	EndGlobalSection
	GlobalSection(SolutionProperties) = preSolution
		HideSolutionNode = FALSE
	EndGlobalSection
	GlobalSection(ExtensibilityGlobals) = postSolution
		SolutionGuid = {19C94D19-99A7-431C-BEBD-A5C5928AA38E}
	EndGlobalSection
EndGlobal
